
Microsoft Visual Studio Solution File, Format Version 12.00
# Visual Studio Version 16
VisualStudioVersion = 16.0.31515.178
MinimumVisualStudioVersion = 10.0.40219.1
Project("{8BC9CEB8-8B4A-11D0-8D11-00A0C91BC942}") = "Main", "Beginner\Beginner.vcxproj", "{D3F36CA6-AF2F-4201-84E4-C6D7607673AD}"
EndProject
Project("{8BC9CEB8-8B4A-11D0-8D11-00A0C91BC942}") = "Beginner2", "Beginner2\Beginner2.vcxproj", "{6CEABC50-8D03-4D10-BD4A-FB6EDB04A196}"
EndProject
Global
	GlobalSection(SolutionConfigurationPlatforms) = preSolution
		Debug|x64 = Debug|x64
		Debug|x86 = Debug|x86
		Release|x64 = Release|x64
		Release|x86 = Release|x86
	EndGlobalSection
	GlobalSection(ProjectConfigurationPlatforms) = postSolution
		{D3F36CA6-AF2F-4201-84E4-C6D7607673AD}.Debug|x64.ActiveCfg = Debug|x64
		{D3F36CA6-AF2F-4201-84E4-C6D7607673AD}.Debug|x64.Build.0 = Debug|x64
		{D3F36CA6-AF2F-4201-84E4-C6D7607673AD}.Debug|x86.ActiveCfg = Debug|Win32
		{D3F36CA6-AF2F-4201-84E4-C6D7607673AD}.Debug|x86.Build.0 = Debug|Win32
		{D3F36CA6-AF2F-4201-84E4-C6D7607673AD}.Release|x64.ActiveCfg = Release|x64
		{D3F36CA6-AF2F-4201-84E4-C6D7607673AD}.Release|x64.Build.0 = Release|x64
		{D3F36CA6-AF2F-4201-84E4-C6D7607673AD}.Release|x86.ActiveCfg = Release|Win32
		{D3F36CA6-AF2F-4201-84E4-C6D7607673AD}.Release|x86.Build.0 = Release|Win32
		{6CEABC50-8D03-4D10-BD4A-FB6EDB04A196}.Debug|x64.ActiveCfg = Debug|x64
		{6CEABC50-8D03-4D10-BD4A-FB6EDB04A196}.Debug|x64.Build.0 = Debug|x64
		{6CEABC50-8D03-4D10-BD4A-FB6EDB04A196}.Debug|x86.ActiveCfg = Debug|Win32
		{6CEABC50-8D03-4D10-BD4A-FB6EDB04A196}.Debug|x86.Build.0 = Debug|Win32
		{6CEABC50-8D03-4D10-BD4A-FB6EDB04A196}.Release|x64.ActiveCfg = Release|x64
		{6CEABC50-8D03-4D10-BD4A-FB6EDB04A196}.Release|x64.Build.0 = Release|x64
		{6CEABC50-8D03-4D10-BD4A-FB6EDB04A196}.Release|x86.ActiveCfg = Release|Win32
		{6CEABC50-8D03-4D10-BD4A-FB6EDB04A196}.Release|x86.Build.0 = Release|Win32
	EndGlobalSection
	GlobalSection(SolutionProperties) = preSolution
		HideSolutionNode = FALSE
	EndGlobalSection
	GlobalSection(ExtensibilityGlobals) = postSolution
		SolutionGuid = {AA3D49E6-8B3F-439A-A330-ACE550A3B46B}
	EndGlobalSection
EndGlobal
